
Microsoft Visual Studio Solution File, Format Version 12.00
# Visual Studio Version 16
VisualStudioVersion = 16.0.32002.261
MinimumVisualStudioVersion = 10.0.40219.1
Project("{FAE04EC0-301F-11D3-BF4B-00C04F79EFBC}") = "MonitorowanieZawodnikow", "MonitorowanieZawodnikow\MonitorowanieZawodnikow.csproj", "{F6045C1B-09E4-4EF5-863F-D57856567603}"
EndProject
Global
	GlobalSection(SolutionConfigurationPlatforms) = preSolution
		Debug|Any CPU = Debug|Any CPU
		Release|Any CPU = Release|Any CPU
	EndGlobalSection
	GlobalSection(ProjectConfigurationPlatforms) = postSolution
		{F6045C1B-09E4-4EF5-863F-D57856567603}.Debug|Any CPU.ActiveCfg = Debug|Any CPU
		{F6045C1B-09E4-4EF5-863F-D57856567603}.Debug|Any CPU.Build.0 = Debug|Any CPU
		{F6045C1B-09E4-4EF5-863F-D57856567603}.Release|Any CPU.ActiveCfg = Release|Any CPU
		{F6045C1B-09E4-4EF5-863F-D57856567603}.Release|Any CPU.Build.0 = Release|Any CPU
	EndGlobalSection
	GlobalSection(SolutionProperties) = preSolution
		HideSolutionNode = FALSE
	EndGlobalSection
	GlobalSection(ExtensibilityGlobals) = postSolution
		SolutionGuid = {CBEF33A8-EB3C-46DA-BD68-D2E088D2A637}
	EndGlobalSection
EndGlobal
