
Microsoft Visual Studio Solution File, Format Version 12.00
# Visual Studio Version 17
VisualStudioVersion = 17.0.32014.148
MinimumVisualStudioVersion = 10.0.40219.1
Project("{9A19103F-16F7-4668-BE54-9A1E7A4F7556}") = "Zadanie1", "Zadanie1\Zadanie1.csproj", "{1CFED670-0E00-4FCD-A13E-386025C5C24A}"
EndProject
Project("{9A19103F-16F7-4668-BE54-9A1E7A4F7556}") = "UnitTest", "UnitTest\UnitTest.csproj", "{D1F4030C-AC5B-4EDA-A57D-4E385828E9BA}"
EndProject
Global
	GlobalSection(SolutionConfigurationPlatforms) = preSolution
		Debug|Any CPU = Debug|Any CPU
		Release|Any CPU = Release|Any CPU
	EndGlobalSection
	GlobalSection(ProjectConfigurationPlatforms) = postSolution
		{1CFED670-0E00-4FCD-A13E-386025C5C24A}.Debug|Any CPU.ActiveCfg = Debug|Any CPU
		{1CFED670-0E00-4FCD-A13E-386025C5C24A}.Debug|Any CPU.Build.0 = Debug|Any CPU
		{1CFED670-0E00-4FCD-A13E-386025C5C24A}.Release|Any CPU.ActiveCfg = Release|Any CPU
		{1CFED670-0E00-4FCD-A13E-386025C5C24A}.Release|Any CPU.Build.0 = Release|Any CPU
		{D1F4030C-AC5B-4EDA-A57D-4E385828E9BA}.Debug|Any CPU.ActiveCfg = Debug|Any CPU
		{D1F4030C-AC5B-4EDA-A57D-4E385828E9BA}.Debug|Any CPU.Build.0 = Debug|Any CPU
		{D1F4030C-AC5B-4EDA-A57D-4E385828E9BA}.Release|Any CPU.ActiveCfg = Release|Any CPU
		{D1F4030C-AC5B-4EDA-A57D-4E385828E9BA}.Release|Any CPU.Build.0 = Release|Any CPU
	EndGlobalSection
	GlobalSection(SolutionProperties) = preSolution
		HideSolutionNode = FALSE
	EndGlobalSection
	GlobalSection(ExtensibilityGlobals) = postSolution
		SolutionGuid = {E0DBC969-913D-4AF0-9D0A-7C01AE1E3B38}
	EndGlobalSection
EndGlobal
