
Microsoft Visual Studio Solution File, Format Version 12.00
# Visual Studio Version 16
VisualStudioVersion = 16.0.32002.261
MinimumVisualStudioVersion = 10.0.40219.1
Project("{FAE04EC0-301F-11D3-BF4B-00C04F79EFBC}") = "lab3_pudelko", "lab3_pudelko\lab3_pudelko.csproj", "{D88FE5FF-AD1C-47DA-8E06-AEFEC5FFA9F9}"
EndProject
Project("{FAE04EC0-301F-11D3-BF4B-00C04F79EFBC}") = "UnitTests", "UnitTests\UnitTests.csproj", "{D345A858-47C4-4912-A079-13B8A9A43EC2}"
EndProject
Global
	GlobalSection(SolutionConfigurationPlatforms) = preSolution
		Debug|Any CPU = Debug|Any CPU
		Release|Any CPU = Release|Any CPU
	EndGlobalSection
	GlobalSection(ProjectConfigurationPlatforms) = postSolution
		{D88FE5FF-AD1C-47DA-8E06-AEFEC5FFA9F9}.Debug|Any CPU.ActiveCfg = Debug|Any CPU
		{D88FE5FF-AD1C-47DA-8E06-AEFEC5FFA9F9}.Debug|Any CPU.Build.0 = Debug|Any CPU
		{D88FE5FF-AD1C-47DA-8E06-AEFEC5FFA9F9}.Release|Any CPU.ActiveCfg = Release|Any CPU
		{D88FE5FF-AD1C-47DA-8E06-AEFEC5FFA9F9}.Release|Any CPU.Build.0 = Release|Any CPU
		{D345A858-47C4-4912-A079-13B8A9A43EC2}.Debug|Any CPU.ActiveCfg = Debug|Any CPU
		{D345A858-47C4-4912-A079-13B8A9A43EC2}.Debug|Any CPU.Build.0 = Debug|Any CPU
		{D345A858-47C4-4912-A079-13B8A9A43EC2}.Release|Any CPU.ActiveCfg = Release|Any CPU
		{D345A858-47C4-4912-A079-13B8A9A43EC2}.Release|Any CPU.Build.0 = Release|Any CPU
	EndGlobalSection
	GlobalSection(SolutionProperties) = preSolution
		HideSolutionNode = FALSE
	EndGlobalSection
	GlobalSection(ExtensibilityGlobals) = postSolution
		SolutionGuid = {CD8102EC-9682-45F4-A8BE-9E49849A73C3}
	EndGlobalSection
EndGlobal
